
Microsoft Visual Studio Solution File, Format Version 12.00
# Visual Studio 15
VisualStudioVersion = 15.0.28307.2017
MinimumVisualStudioVersion = 10.0.40219.1
Project("{FAE04EC0-301F-11D3-BF4B-00C04F79EFBC}") = "PruebaRSAEncryption", "PruebaRSAEncryption\PruebaRSAEncryption.csproj", "{C8249AB5-FE1A-4AC9-B1AB-891D2CA3B882}"
EndProject
Global
	GlobalSection(SolutionConfigurationPlatforms) = preSolution
		Debug|Any CPU = Debug|Any CPU
		Release|Any CPU = Release|Any CPU
	EndGlobalSection
	GlobalSection(ProjectConfigurationPlatforms) = postSolution
		{C8249AB5-FE1A-4AC9-B1AB-891D2CA3B882}.Debug|Any CPU.ActiveCfg = Debug|Any CPU
		{C8249AB5-FE1A-4AC9-B1AB-891D2CA3B882}.Debug|Any CPU.Build.0 = Debug|Any CPU
		{C8249AB5-FE1A-4AC9-B1AB-891D2CA3B882}.Release|Any CPU.ActiveCfg = Release|Any CPU
		{C8249AB5-FE1A-4AC9-B1AB-891D2CA3B882}.Release|Any CPU.Build.0 = Release|Any CPU
	EndGlobalSection
	GlobalSection(SolutionProperties) = preSolution
		HideSolutionNode = FALSE
	EndGlobalSection
	GlobalSection(ExtensibilityGlobals) = postSolution
		SolutionGuid = {33EC0421-E578-4154-8190-B0897F26A1C8}
	EndGlobalSection
EndGlobal
